
Microsoft Visual Studio Solution File, Format Version 12.00
# Visual Studio Version 16
VisualStudioVersion = 16.0.29326.143
MinimumVisualStudioVersion = 10.0.40219.1
Project("{FAE04EC0-301F-11D3-BF4B-00C04F79EFBC}") = "epad", "epad.csproj", "{737FFC9F-4DE3-49C3-87E5-7A4CEB0B86B3}"
EndProject
Global
	GlobalSection(SolutionConfigurationPlatforms) = preSolution
		Debug|Any CPU = Debug|Any CPU
		Release|Any CPU = Release|Any CPU
	EndGlobalSection
	GlobalSection(ProjectConfigurationPlatforms) = postSolution
		{737FFC9F-4DE3-49C3-87E5-7A4CEB0B86B3}.Debug|Any CPU.ActiveCfg = Debug|Any CPU
		{737FFC9F-4DE3-49C3-87E5-7A4CEB0B86B3}.Debug|Any CPU.Build.0 = Debug|Any CPU
		{737FFC9F-4DE3-49C3-87E5-7A4CEB0B86B3}.Release|Any CPU.ActiveCfg = Release|Any CPU
		{737FFC9F-4DE3-49C3-87E5-7A4CEB0B86B3}.Release|Any CPU.Build.0 = Release|Any CPU
	EndGlobalSection
	GlobalSection(SolutionProperties) = preSolution
		HideSolutionNode = FALSE
	EndGlobalSection
	GlobalSection(ExtensibilityGlobals) = postSolution
		SolutionGuid = {DA5924F6-B901-419E-BBC9-364D3B93770A}
	EndGlobalSection
EndGlobal
